%{
  "elixir_make": {:hex, :elixir_make, "0.6.3", "bc07d53221216838d79e03a8019d0839786703129599e9619f4ab74c8c096eac", [:mix], [], "hexpm", "f5cbd651c5678bcaabdbb7857658ee106b12509cd976c2c2fca99688e1daf716"},
  "pixels": {:hex, :pixels, "0.1.2", "0de6fb5529b7490fdd35a43b7c0952b63bb6f2c1c07b0a96ecdcd998e18bb0e6", [:make, :mix], [{:elixir_make, "~> 0.6.0", [hex: :elixir_make, repo: "hexpm", optional: false]}], "hexpm", "87d9d5599aca59774b90399c9acd092b43fab955cfce7d8555563407a787b23b"},
}
